{
  "pins" : [
    {
      "identity" : "combine-schedulers",
      "kind" : "remoteSourceControl",
      "location" : "https://github.com/pointfreeco/combine-schedulers",
      "state" : {
        "revision" : "9dc9cbe4bc45c65164fa653a563d8d8db61b09bb",
        "version" : "1.0.0"
      }
    },
    {
      "identity" : "hummingbird",
      "kind" : "remoteSourceControl",
      "location" : "https://github.com/hummingbird-project/hummingbird.git",
      "state" : {
        "revision" : "8ce03667c704466ff4617d3b4fe5bc785bd0b6ab",
        "version" : "1.8.1"
      }
    },
    {
      "identity" : "hummingbird-core",
      "kind" : "remoteSourceControl",
      "location" : "https://github.com/hummingbird-project/hummingbird-core.git",
      "state" : {
        "revision" : "4458f691653db58ac55a1aa8ef978709cd7e0749",
        "version" : "1.3.1"
      }
    },
    {
      "identity" : "hummingbird-websocket",
      "kind" : "remoteSourceControl",
      "location" : "https://github.com/hummingbird-project/hummingbird-websocket.git",
      "state" : {
        "revision" : "90b76050169746f881e2b3b497469a1e09f016b6",
        "version" : "1.1.0"
      }
    },
    {
      "identity" : "postgres-nio",
      "kind" : "remoteSourceControl",
      "location" : "https://github.com/vapor/postgres-nio.git",
      "state" : {
        "revision" : "abca6b390235ae337999d367c40cc40c99629385",
        "version" : "1.18.1"
      }
    },
    {
      "identity" : "swift-argument-parser",
      "kind" : "remoteSourceControl",
      "location" : "https://github.com/apple/swift-argument-parser.git",
      "state" : {
        "revision" : "8f4d2753f0e4778c76d5f05ad16c74f707390531",
        "version" : "1.2.3"
      }
    },
    {
      "identity" : "swift-async-algorithms",
      "kind" : "remoteSourceControl",
      "location" : "https://github.com/apple/swift-async-algorithms",
      "state" : {
        "revision" : "da4e36f86544cdf733a40d59b3a2267e3a7bbf36",
        "version" : "1.0.0"
      }
    },
    {
      "identity" : "swift-atomics",
      "kind" : "remoteSourceControl",
      "location" : "https://github.com/apple/swift-atomics",
      "state" : {
        "revision" : "6c89474e62719ddcc1e9614989fff2f68208fe10",
        "version" : "1.1.0"
      }
    },
    {
      "identity" : "swift-backtrace",
      "kind" : "remoteSourceControl",
      "location" : "https://github.com/swift-server/swift-backtrace",
      "state" : {
        "revision" : "f25620d5d05e2f1ba27154b40cafea2b67566956",
        "version" : "1.3.3"
      }
    },
    {
      "identity" : "swift-case-paths",
      "kind" : "remoteSourceControl",
      "location" : "https://github.com/pointfreeco/swift-case-paths",
      "state" : {
        "revision" : "5da6989aae464f324eef5c5b52bdb7974725ab81",
        "version" : "1.0.0"
      }
    },
    {
      "identity" : "swift-clocks",
      "kind" : "remoteSourceControl",
      "location" : "https://github.com/pointfreeco/swift-clocks",
      "state" : {
        "revision" : "d1fd837326aa719bee979bdde1f53cd5797443eb",
        "version" : "1.0.0"
      }
    },
    {
      "identity" : "swift-cluster-membership",
      "kind" : "remoteSourceControl",
      "location" : "https://github.com/apple/swift-cluster-membership",
      "state" : {
        "branch" : "main",
        "revision" : "4e56d9a2c435349c9ffed3ced6e407e183307ecb"
      }
    },
    {
      "identity" : "swift-collections",
      "kind" : "remoteSourceControl",
      "location" : "https://github.com/apple/swift-collections",
      "state" : {
        "revision" : "94cf62b3ba8d4bed62680a282d4c25f9c63c2efb",
        "version" : "1.1.0"
      }
    },
    {
      "identity" : "swift-composable-architecture",
      "kind" : "remoteSourceControl",
      "location" : "https://github.com/pointfreeco/swift-composable-architecture.git",
      "state" : {
        "revision" : "f62ba37cc0c51acb89f6dd1f552f6a1f9c58027c",
        "version" : "1.1.0"
      }
    },
    {
      "identity" : "swift-concurrency-extras",
      "kind" : "remoteSourceControl",
      "location" : "https://github.com/pointfreeco/swift-concurrency-extras",
      "state" : {
        "revision" : "ea631ce892687f5432a833312292b80db238186a",
        "version" : "1.0.0"
      }
    },
    {
      "identity" : "swift-crypto",
      "kind" : "remoteSourceControl",
      "location" : "https://github.com/apple/swift-crypto.git",
      "state" : {
        "revision" : "60f13f60c4d093691934dc6cfdf5f508ada1f894",
        "version" : "2.6.0"
      }
    },
    {
      "identity" : "swift-custom-dump",
      "kind" : "remoteSourceControl",
      "location" : "https://github.com/pointfreeco/swift-custom-dump",
      "state" : {
        "revision" : "edd66cace818e1b1c6f1b3349bb1d8e00d6f8b01",
        "version" : "1.0.0"
      }
    },
    {
      "identity" : "swift-dependencies",
      "kind" : "remoteSourceControl",
      "location" : "https://github.com/pointfreeco/swift-dependencies",
      "state" : {
        "revision" : "4e1eb6e28afe723286d8cc60611237ffbddba7c5",
        "version" : "1.0.0"
      }
    },
    {
      "identity" : "swift-distributed-actors",
      "kind" : "remoteSourceControl",
      "location" : "https://github.com/apple/swift-distributed-actors.git",
      "state" : {
        "branch" : "main",
        "revision" : "93db30d49fce1ba1b90775877fb1261f7a82c30d"
      }
    },
    {
      "identity" : "swift-distributed-tracing",
      "kind" : "remoteSourceControl",
      "location" : "https://github.com/apple/swift-distributed-tracing.git",
      "state" : {
        "revision" : "49b7617717a09f6b781c9a11e1628e3315d8d4fe",
        "version" : "1.0.1"
      }
    },
    {
      "identity" : "swift-extras-base64",
      "kind" : "remoteSourceControl",
      "location" : "https://github.com/swift-extras/swift-extras-base64.git",
      "state" : {
        "revision" : "97237cf1bc1feebaeb0febec91c1e1b9e4d839b3",
        "version" : "0.7.0"
      }
    },
    {
      "identity" : "swift-http-types",
      "kind" : "remoteSourceControl",
      "location" : "https://github.com/apple/swift-http-types",
      "state" : {
        "revision" : "12358d55a3824bd5fed310b999ea8cf83a9a1a65",
        "version" : "1.0.3"
      }
    },
    {
      "identity" : "swift-identified-collections",
      "kind" : "remoteSourceControl",
      "location" : "https://github.com/pointfreeco/swift-identified-collections",
      "state" : {
        "revision" : "d1e45f3e1eee2c9193f5369fa9d70a6ddad635e8",
        "version" : "1.0.0"
      }
    },
    {
      "identity" : "swift-log",
      "kind" : "remoteSourceControl",
      "location" : "https://github.com/apple/swift-log.git",
      "state" : {
        "revision" : "532d8b529501fb73a2455b179e0bbb6d49b652ed",
        "version" : "1.5.3"
      }
    },
    {
      "identity" : "swift-metrics",
      "kind" : "remoteSourceControl",
      "location" : "https://github.com/apple/swift-metrics.git",
      "state" : {
        "revision" : "971ba26378ab69c43737ee7ba967a896cb74c0d1",
        "version" : "2.4.1"
      }
    },
    {
      "identity" : "swift-nio",
      "kind" : "remoteSourceControl",
      "location" : "https://github.com/apple/swift-nio.git",
      "state" : {
        "revision" : "fc63f0cf4e55a4597407a9fc95b16a2bc44b4982",
        "version" : "2.64.0"
      }
    },
    {
      "identity" : "swift-nio-extras",
      "kind" : "remoteSourceControl",
      "location" : "https://github.com/apple/swift-nio-extras.git",
      "state" : {
        "revision" : "a3b640d7dc567225db7c94386a6e71aded1bfa63",
        "version" : "1.22.0"
      }
    },
    {
      "identity" : "swift-nio-http2",
      "kind" : "remoteSourceControl",
      "location" : "https://github.com/apple/swift-nio-http2.git",
      "state" : {
        "revision" : "a8ccf13fa62775277a5d56844878c828bbb3be1a",
        "version" : "1.27.0"
      }
    },
    {
      "identity" : "swift-nio-ssl",
      "kind" : "remoteSourceControl",
      "location" : "https://github.com/apple/swift-nio-ssl",
      "state" : {
        "revision" : "320bd978cceb8e88c125dcbb774943a92f6286e9",
        "version" : "2.25.0"
      }
    },
    {
      "identity" : "swift-nio-transport-services",
      "kind" : "remoteSourceControl",
      "location" : "https://github.com/apple/swift-nio-transport-services.git",
      "state" : {
        "revision" : "e7403c35ca6bb539a7ca353b91cc2d8ec0362d58",
        "version" : "1.19.0"
      }
    },
    {
      "identity" : "swift-protobuf",
      "kind" : "remoteSourceControl",
      "location" : "https://github.com/apple/swift-protobuf",
      "state" : {
        "revision" : "65e8f29b2d63c4e38e736b25c27b83e012159be8",
        "version" : "1.25.2"
      }
    },
    {
      "identity" : "swift-service-context",
      "kind" : "remoteSourceControl",
      "location" : "https://github.com/apple/swift-service-context.git",
      "state" : {
        "revision" : "ce0141c8f123132dbd02fd45fea448018762df1b",
        "version" : "1.0.0"
      }
    },
    {
      "identity" : "swift-service-discovery",
      "kind" : "remoteSourceControl",
      "location" : "https://github.com/apple/swift-service-discovery",
      "state" : {
        "revision" : "78cfea3cc8559f86f3db704597c39e5ce27c05be",
        "version" : "1.3.0"
      }
    },
    {
      "identity" : "swift-service-lifecycle",
      "kind" : "remoteSourceControl",
      "location" : "https://github.com/swift-server/swift-service-lifecycle.git",
      "state" : {
        "revision" : "22363fed316cd9942b56bcd1a1df8875df79b794",
        "version" : "1.0.0-alpha.11"
      }
    },
    {
      "identity" : "swift-system",
      "kind" : "remoteSourceControl",
      "location" : "https://github.com/apple/swift-system.git",
      "state" : {
        "revision" : "025bcb1165deab2e20d4eaba79967ce73013f496",
        "version" : "1.2.1"
      }
    },
    {
      "identity" : "swiftui-navigation",
      "kind" : "remoteSourceControl",
      "location" : "https://github.com/pointfreeco/swiftui-navigation",
      "state" : {
        "revision" : "f5bcdac5b6bb3f826916b14705f37a3937c2fd34",
        "version" : "1.0.0"
      }
    },
    {
      "identity" : "xctest-dynamic-overlay",
      "kind" : "remoteSourceControl",
      "location" : "https://github.com/pointfreeco/xctest-dynamic-overlay",
      "state" : {
        "revision" : "23cbf2294e350076ea4dbd7d5d047c1e76b03631",
        "version" : "1.0.2"
      }
    }
  ],
  "version" : 2
}
